{
  "name": "vortex",
  "version": "0.0.1",
  "lockfileVersion": 1,
  "requires": true,
  "dependencies": {
    "@types/mocha": {
      "version": "5.2.5",
      "resolved": "https://registry.npmjs.org/@types/mocha/-/mocha-5.2.5.tgz",
      "integrity": "sha512-lAVp+Kj54ui/vLUFxsJTMtWvZraZxum3w3Nwkble2dNuV5VnPA+Mi2oGX9XYJAaIvZi3tn3cbjS/qcJXRb6Bww==",
      "dev": true
    },
    "@types/node": {
      "version": "8.10.34",
      "resolved": "https://registry.npmjs.org/@types/node/-/node-8.10.34.tgz",
      "integrity": "sha512-alypNiaAEd0RBGXoWehJ2gchPYCITmw4CYBoB5nDlji8l8on7FsklfdfIs4DDmgpKLSX3OF3ha6SV+0W7cTzUA==",
      "dev": true
    },
    "typescript": {
      "version": "2.8.3",
      "resolved": "https://registry.npmjs.org/typescript/-/typescript-2.8.3.tgz",
      "integrity": "sha512-K7g15Bb6Ra4lKf7Iq2l/I5/En+hLIHmxWZGq3D4DIRNFxMNV6j2SHSvDOqs2tGd4UvD/fJvrwopzQXjLrT7Itw==",
      "dev": true
    }
  }
}
