{
  "name": "lsp-sample-server",
  "version": "1.0.0",
  "lockfileVersion": 1,
  "requires": true,
  "dependencies": {
    "vortexlang": {
      "version": "file:../..",
      "dependencies": {
        "@types/minimist": {
          "version": "1.2.0",
          "bundled": true
        },
        "@types/node": {
          "version": "10.10.3",
          "bundled": true
        },
        "JSONSelect": {
          "version": "0.4.0",
          "bundled": true
        },
        "JSV": {
          "version": "4.0.2",
          "bundled": true
        },
        "amdefine": {
          "version": "1.0.1",
          "bundled": true,
          "optional": true
        },
        "ansi-styles": {
          "version": "3.2.1",
          "bundled": true,
          "requires": {
            "color-convert": "^1.9.0"
          }
        },
        "chalk": {
          "version": "2.4.1",
          "bundled": true,
          "requires": {
            "ansi-styles": "^3.2.1",
            "escape-string-regexp": "^1.0.5",
            "supports-color": "^5.3.0"
          }
        },
        "cjson": {
          "version": "0.3.0",
          "bundled": true,
          "requires": {
            "jsonlint": "1.6.0"
          }
        },
        "color-convert": {
          "version": "1.9.3",
          "bundled": true,
          "requires": {
            "color-name": "1.1.3"
          }
        },
        "color-name": {
          "version": "1.1.3",
          "bundled": true
        },
        "colors": {
          "version": "0.5.1",
          "bundled": true
        },
        "ebnf-parser": {
          "version": "0.1.10",
          "bundled": true
        },
        "escape-string-regexp": {
          "version": "1.0.5",
          "bundled": true
        },
        "escodegen": {
          "version": "1.3.3",
          "bundled": true,
          "requires": {
            "esprima": "~1.1.1",
            "estraverse": "~1.5.0",
            "esutils": "~1.0.0",
            "source-map": "~0.1.33"
          }
        },
        "esprima": {
          "version": "1.1.1",
          "bundled": true
        },
        "estraverse": {
          "version": "1.5.1",
          "bundled": true
        },
        "esutils": {
          "version": "1.0.0",
          "bundled": true
        },
        "has-flag": {
          "version": "3.0.0",
          "bundled": true
        },
        "jison": {
          "version": "0.4.18",
          "bundled": true,
          "requires": {
            "JSONSelect": "0.4.0",
            "cjson": "0.3.0",
            "ebnf-parser": "0.1.10",
            "escodegen": "1.3.x",
            "esprima": "1.1.x",
            "jison-lex": "0.3.x",
            "lex-parser": "~0.1.3",
            "nomnom": "1.5.2"
          }
        },
        "jison-lex": {
          "version": "0.3.4",
          "bundled": true,
          "requires": {
            "lex-parser": "0.1.x",
            "nomnom": "1.5.2"
          }
        },
        "jsonlint": {
          "version": "1.6.0",
          "bundled": true,
          "requires": {
            "JSV": ">= 4.0.x",
            "nomnom": ">= 1.5.x"
          }
        },
        "lex-parser": {
          "version": "0.1.4",
          "bundled": true
        },
        "minimist": {
          "version": "1.2.0",
          "bundled": true
        },
        "nomnom": {
          "version": "1.5.2",
          "bundled": true,
          "requires": {
            "colors": "0.5.x",
            "underscore": "1.1.x"
          }
        },
        "source-map": {
          "version": "0.1.43",
          "bundled": true,
          "optional": true,
          "requires": {
            "amdefine": ">=0.0.4"
          }
        },
        "supports-color": {
          "version": "5.5.0",
          "bundled": true,
          "requires": {
            "has-flag": "^3.0.0"
          }
        },
        "typescript": {
          "version": "3.0.3",
          "bundled": true
        },
        "underscore": {
          "version": "1.1.7",
          "bundled": true
        }
      }
    },
    "vscode-jsonrpc": {
      "version": "4.0.0",
      "resolved": "https://registry.npmjs.org/vscode-jsonrpc/-/vscode-jsonrpc-4.0.0.tgz",
      "integrity": "sha512-perEnXQdQOJMTDFNv+UF3h1Y0z4iSiaN9jIlb0OqIYgosPCZGYh/MCUlkFtV2668PL69lRDO32hmvL2yiidUYg=="
    },
    "vscode-languageserver": {
      "version": "4.4.2",
      "resolved": "https://registry.npmjs.org/vscode-languageserver/-/vscode-languageserver-4.4.2.tgz",
      "integrity": "sha512-61y8Raevi9EigDgg9NelvT9cUAohiEbUl1LOwQQgOCAaNX62yKny/ddi0uC+FUTm4CzsjhBu+06R+vYgfCYReA==",
      "requires": {
        "vscode-languageserver-protocol": "^3.10.3",
        "vscode-uri": "^1.0.5"
      }
    },
    "vscode-languageserver-protocol": {
      "version": "3.14.1",
      "resolved": "https://registry.npmjs.org/vscode-languageserver-protocol/-/vscode-languageserver-protocol-3.14.1.tgz",
      "integrity": "sha512-IL66BLb2g20uIKog5Y2dQ0IiigW0XKrvmWiOvc0yXw80z3tMEzEnHjaGAb3ENuU7MnQqgnYJ1Cl2l9RvNgDi4g==",
      "requires": {
        "vscode-jsonrpc": "^4.0.0",
        "vscode-languageserver-types": "3.14.0"
      }
    },
    "vscode-languageserver-types": {
      "version": "3.14.0",
      "resolved": "https://registry.npmjs.org/vscode-languageserver-types/-/vscode-languageserver-types-3.14.0.tgz",
      "integrity": "sha512-lTmS6AlAlMHOvPQemVwo3CezxBp0sNB95KNPkqp3Nxd5VFEnuG1ByM0zlRWos0zjO3ZWtkvhal0COgiV1xIA4A=="
    },
    "vscode-uri": {
      "version": "1.0.6",
      "resolved": "https://registry.npmjs.org/vscode-uri/-/vscode-uri-1.0.6.tgz",
      "integrity": "sha512-sLI2L0uGov3wKVb9EB+vIQBl9tVP90nqRvxSoJ35vI3NjxE8jfsE5DSOhWgSunHSZmKS4OCi2jrtfxK7uyp2ww=="
    }
  }
}
